
Microsoft Visual Studio Solution File, Format Version 12.00
# Visual Studio Version 16
VisualStudioVersion = 16.0.30717.126
MinimumVisualStudioVersion = 10.0.40219.1
Project("{FAE04EC0-301F-11D3-BF4B-00C04F79EFBC}") = "boucles5", "boucles5\boucles5.csproj", "{C16FCB49-1919-4EC4-A4F8-965730C3FE0B}"
EndProject
Global
	GlobalSection(SolutionConfigurationPlatforms) = preSolution
		Debug|Any CPU = Debug|Any CPU
		Release|Any CPU = Release|Any CPU
	EndGlobalSection
	GlobalSection(ProjectConfigurationPlatforms) = postSolution
		{C16FCB49-1919-4EC4-A4F8-965730C3FE0B}.Debug|Any CPU.ActiveCfg = Debug|Any CPU
		{C16FCB49-1919-4EC4-A4F8-965730C3FE0B}.Debug|Any CPU.Build.0 = Debug|Any CPU
		{C16FCB49-1919-4EC4-A4F8-965730C3FE0B}.Release|Any CPU.ActiveCfg = Release|Any CPU
		{C16FCB49-1919-4EC4-A4F8-965730C3FE0B}.Release|Any CPU.Build.0 = Release|Any CPU
	EndGlobalSection
	GlobalSection(SolutionProperties) = preSolution
		HideSolutionNode = FALSE
	EndGlobalSection
	GlobalSection(ExtensibilityGlobals) = postSolution
		SolutionGuid = {610CF943-D2BF-4132-85CC-2B492BBD7766}
	EndGlobalSection
EndGlobal
